// !$*UTF8*$!
{
	archiveVersion = 1;
	classes = {
	};
	objectVersion = 46;
	objects = {

/* Begin PBXBuildFile section */
		14A84A0D07D67E70F25DB40C /* libPods-LazyNetLibrary.a in Frameworks */ = {isa = PBXBuildFile; fileRef = C275CD7681B753A7494CF5F2 /* libPods-LazyNetLibrary.a */; };
		4E281B152059278B00586BB6 /* ResponseProcess.m in Sources */ = {isa = PBXBuildFile; fileRef = 4E281AFF2059278900586BB6 /* ResponseProcess.m */; };
		4E281B162059278B00586BB6 /* JSONUtils.m in Sources */ = {isa = PBXBuildFile; fileRef = 4E281B002059278900586BB6 /* JSONUtils.m */; };
		4E281B172059278B00586BB6 /* JSONUtils.h in Headers */ = {isa = PBXBuildFile; fileRef = 4E281B012059278900586BB6 /* JSONUtils.h */; };
		4E281B182059278B00586BB6 /* LazyHttpClient+LazySynchro.m in Sources */ = {isa = PBXBuildFile; fileRef = 4E281B022059278900586BB6 /* LazyHttpClient+LazySynchro.m */; };
		4E281B192059278B00586BB6 /* HttpClient+Synchro.h in Headers */ = {isa = PBXBuildFile; fileRef = 4E281B032059278A00586BB6 /* HttpClient+Synchro.h */; };
		4E281B1A2059278B00586BB6 /* NSString+Coding.m in Sources */ = {isa = PBXBuildFile; fileRef = 4E281B042059278A00586BB6 /* NSString+Coding.m */; };
		4E281B1B2059278B00586BB6 /* HttpClient+Synchro.m in Sources */ = {isa = PBXBuildFile; fileRef = 4E281B052059278A00586BB6 /* HttpClient+Synchro.m */; };
		4E281B1C2059278B00586BB6 /* HttpClient.h in Headers */ = {isa = PBXBuildFile; fileRef = 4E281B062059278A00586BB6 /* HttpClient.h */; };
		4E281B1D2059278B00586BB6 /* RequestParam.h in Headers */ = {isa = PBXBuildFile; fileRef = 4E281B072059278A00586BB6 /* RequestParam.h */; };
		4E281B1E2059278B00586BB6 /* ResponseCallback.h in Headers */ = {isa = PBXBuildFile; fileRef = 4E281B082059278A00586BB6 /* ResponseCallback.h */; };
		4E281B1F2059278B00586BB6 /* LazyHttpClient.m in Sources */ = {isa = PBXBuildFile; fileRef = 4E281B092059278A00586BB6 /* LazyHttpClient.m */; };
		4E281B202059278B00586BB6 /* LazyNetLogger.h in Headers */ = {isa = PBXBuildFile; fileRef = 4E281B0A2059278A00586BB6 /* LazyNetLogger.h */; };
		4E281B212059278B00586BB6 /* LazyNetLibrary.h in Headers */ = {isa = PBXBuildFile; fileRef = 4E281B0B2059278A00586BB6 /* LazyNetLibrary.h */; };
		4E281B222059278B00586BB6 /* RequestParam.m in Sources */ = {isa = PBXBuildFile; fileRef = 4E281B0C2059278A00586BB6 /* RequestParam.m */; };
		4E281B232059278B00586BB6 /* JSONResponseProcess.h in Headers */ = {isa = PBXBuildFile; fileRef = 4E281B0D2059278A00586BB6 /* JSONResponseProcess.h */; };
		4E281B242059278B00586BB6 /* HttpClient.m in Sources */ = {isa = PBXBuildFile; fileRef = 4E281B0E2059278A00586BB6 /* HttpClient.m */; };
		4E281B252059278B00586BB6 /* JSONResponseProcess.m in Sources */ = {isa = PBXBuildFile; fileRef = 4E281B0F2059278A00586BB6 /* JSONResponseProcess.m */; };
		4E281B262059278B00586BB6 /* LazyNetLogger.m in Sources */ = {isa = PBXBuildFile; fileRef = 4E281B102059278A00586BB6 /* LazyNetLogger.m */; };
		4E281B272059278B00586BB6 /* LazyHttpClient+LazySynchro.h in Headers */ = {isa = PBXBuildFile; fileRef = 4E281B112059278A00586BB6 /* LazyHttpClient+LazySynchro.h */; };
		4E281B282059278B00586BB6 /* NSString+Coding.h in Headers */ = {isa = PBXBuildFile; fileRef = 4E281B122059278B00586BB6 /* NSString+Coding.h */; };
		4E281B292059278B00586BB6 /* ResponseProcess.h in Headers */ = {isa = PBXBuildFile; fileRef = 4E281B132059278B00586BB6 /* ResponseProcess.h */; };
		4E281B2A2059278B00586BB6 /* LazyHttpClient.h in Headers */ = {isa = PBXBuildFile; fileRef = 4E281B142059278B00586BB6 /* LazyHttpClient.h */; };
		4E288E411E306A2500C3DC38 /* main.m in Sources */ = {isa = PBXBuildFile; fileRef = 4E288E401E306A2500C3DC38 /* main.m */; };
		4E288E441E306A2500C3DC38 /* AppDelegate.m in Sources */ = {isa = PBXBuildFile; fileRef = 4E288E431E306A2500C3DC38 /* AppDelegate.m */; };
		4E288E471E306A2500C3DC38 /* ViewController.m in Sources */ = {isa = PBXBuildFile; fileRef = 4E288E461E306A2500C3DC38 /* ViewController.m */; };
		4E288E4A1E306A2500C3DC38 /* Main.storyboard in Resources */ = {isa = PBXBuildFile; fileRef = 4E288E481E306A2500C3DC38 /* Main.storyboard */; };
		4E288E4C1E306A2500C3DC38 /* Assets.xcassets in Resources */ = {isa = PBXBuildFile; fileRef = 4E288E4B1E306A2500C3DC38 /* Assets.xcassets */; };
		4E288E4F1E306A2500C3DC38 /* LaunchScreen.storyboard in Resources */ = {isa = PBXBuildFile; fileRef = 4E288E4D1E306A2500C3DC38 /* LaunchScreen.storyboard */; };
		4E288E5A1E306A2500C3DC38 /* LazyNetDemoTests.m in Sources */ = {isa = PBXBuildFile; fileRef = 4E288E591E306A2500C3DC38 /* LazyNetDemoTests.m */; };
		4E288E651E306A2500C3DC38 /* LazyNetDemoUITests.m in Sources */ = {isa = PBXBuildFile; fileRef = 4E288E641E306A2500C3DC38 /* LazyNetDemoUITests.m */; };
		4E288E7E1E306A5400C3DC38 /* LazyNetLibrary.framework in Frameworks */ = {isa = PBXBuildFile; fileRef = 4E288E751E306A5300C3DC38 /* LazyNetLibrary.framework */; };
		4E288E851E306A5400C3DC38 /* LazyNetLibraryTests.m in Sources */ = {isa = PBXBuildFile; fileRef = 4E288E841E306A5400C3DC38 /* LazyNetLibraryTests.m */; };
		4E288E8A1E306A5400C3DC38 /* LazyNetLibrary.framework in Frameworks */ = {isa = PBXBuildFile; fileRef = 4E288E751E306A5300C3DC38 /* LazyNetLibrary.framework */; };
		4E288E8B1E306A5400C3DC38 /* LazyNetLibrary.framework in Embed Frameworks */ = {isa = PBXBuildFile; fileRef = 4E288E751E306A5300C3DC38 /* LazyNetLibrary.framework */; settings = {ATTRIBUTES = (CodeSignOnCopy, RemoveHeadersOnCopy, ); }; };
		4E288EB91E306BC900C3DC38 /* GetViewController.m in Sources */ = {isa = PBXBuildFile; fileRef = 4E288EB31E306BC900C3DC38 /* GetViewController.m */; };
		4E288EBA1E306BC900C3DC38 /* UIColor+WJExtend.m in Sources */ = {isa = PBXBuildFile; fileRef = 4E288EB61E306BC900C3DC38 /* UIColor+WJExtend.m */; };
		4E288EBB1E306BC900C3DC38 /* UIImage+Addition.m in Sources */ = {isa = PBXBuildFile; fileRef = 4E288EB81E306BC900C3DC38 /* UIImage+Addition.m */; };
		4E288ECA1E306BD300C3DC38 /* BaseResponseModel.m in Sources */ = {isa = PBXBuildFile; fileRef = 4E288EBE1E306BD300C3DC38 /* BaseResponseModel.m */; };
		4E288ECB1E306BD300C3DC38 /* GetPhoneProvinceResponseModel.m in Sources */ = {isa = PBXBuildFile; fileRef = 4E288EC01E306BD300C3DC38 /* GetPhoneProvinceResponseModel.m */; };
		4E288ECC1E306BD300C3DC38 /* PhoneProvinceModel.m in Sources */ = {isa = PBXBuildFile; fileRef = 4E288EC21E306BD300C3DC38 /* PhoneProvinceModel.m */; };
		4E288ECD1E306BD300C3DC38 /* LazyHttpClient+WJCustom.m in Sources */ = {isa = PBXBuildFile; fileRef = 4E288EC51E306BD300C3DC38 /* LazyHttpClient+WJCustom.m */; };
		4E288ECE1E306BD300C3DC38 /* WJHttpErrorCodeParseHelps.m in Sources */ = {isa = PBXBuildFile; fileRef = 4E288EC71E306BD300C3DC38 /* WJHttpErrorCodeParseHelps.m */; };
		4E288ECF1E306BD300C3DC38 /* WrapResponseCallback.m in Sources */ = {isa = PBXBuildFile; fileRef = 4E288EC91E306BD300C3DC38 /* WrapResponseCallback.m */; };
		4E288ED21E309BAC00C3DC38 /* PostViewController.m in Sources */ = {isa = PBXBuildFile; fileRef = 4E288ED11E309BAC00C3DC38 /* PostViewController.m */; };
		4E288ED81E309DDB00C3DC38 /* QQXiongJIResponseModel.m in Sources */ = {isa = PBXBuildFile; fileRef = 4E288ED71E309DDB00C3DC38 /* QQXiongJIResponseModel.m */; };
		4E288EDB1E309DF400C3DC38 /* QQXiongJIModel.m in Sources */ = {isa = PBXBuildFile; fileRef = 4E288EDA1E309DF400C3DC38 /* QQXiongJIModel.m */; };
		4E288EDE1E309E5800C3DC38 /* QQXiongJIDataModel.m in Sources */ = {isa = PBXBuildFile; fileRef = 4E288EDD1E309E5800C3DC38 /* QQXiongJIDataModel.m */; };
		C7735CD5330F73EF0FC2952D /* libPods-LazyNetDemo.a in Frameworks */ = {isa = PBXBuildFile; fileRef = 6B4DABDF4C830993900E5CC4 /* libPods-LazyNetDemo.a */; };
/* End PBXBuildFile section */

/* Begin PBXContainerItemProxy section */
		4E288E561E306A2500C3DC38 /* PBXContainerItemProxy */ = {
			isa = PBXContainerItemProxy;
			containerPortal = 4E288E171E3069DD00C3DC38 /* Project object */;
			proxyType = 1;
			remoteGlobalIDString = 4E288E3C1E306A2500C3DC38;
			remoteInfo = LazyNetDemo;
		};
		4E288E611E306A2500C3DC38 /* PBXContainerItemProxy */ = {
			isa = PBXContainerItemProxy;
			containerPortal = 4E288E171E3069DD00C3DC38 /* Project object */;
			proxyType = 1;
			remoteGlobalIDString = 4E288E3C1E306A2500C3DC38;
			remoteInfo = LazyNetDemo;
		};
		4E288E7F1E306A5400C3DC38 /* PBXContainerItemProxy */ = {
			isa = PBXContainerItemProxy;
			containerPortal = 4E288E171E3069DD00C3DC38 /* Project object */;
			proxyType = 1;
			remoteGlobalIDString = 4E288E741E306A5300C3DC38;
			remoteInfo = LazyNetLibrary;
		};
		4E288E811E306A5400C3DC38 /* PBXContainerItemProxy */ = {
			isa = PBXContainerItemProxy;
			containerPortal = 4E288E171E3069DD00C3DC38 /* Project object */;
			proxyType = 1;
			remoteGlobalIDString = 4E288E3C1E306A2500C3DC38;
			remoteInfo = LazyNetDemo;
		};
		4E288E881E306A5400C3DC38 /* PBXContainerItemProxy */ = {
			isa = PBXContainerItemProxy;
			containerPortal = 4E288E171E3069DD00C3DC38 /* Project object */;
			proxyType = 1;
			remoteGlobalIDString = 4E288E741E306A5300C3DC38;
			remoteInfo = LazyNetLibrary;
		};
/* End PBXContainerItemProxy section */

/* Begin PBXCopyFilesBuildPhase section */
		4E288E8F1E306A5400C3DC38 /* Embed Frameworks */ = {
			isa = PBXCopyFilesBuildPhase;
			buildActionMask = 2147483647;
			dstPath = "";
			dstSubfolderSpec = 10;
			files = (
				4E288E8B1E306A5400C3DC38 /* LazyNetLibrary.framework in Embed Frameworks */,
			);
			name = "Embed Frameworks";
			runOnlyForDeploymentPostprocessing = 0;
		};
/* End PBXCopyFilesBuildPhase section */

/* Begin PBXFileReference section */
		0E72BDCB8D923BC94655A6D4 /* Pods-LazyNetForIOS.debug.xcconfig */ = {isa = PBXFileReference; includeInIndex = 1; lastKnownFileType = text.xcconfig; name = "Pods-LazyNetForIOS.debug.xcconfig"; path = "Pods/Target Support Files/Pods-LazyNetForIOS/Pods-LazyNetForIOS.debug.xcconfig"; sourceTree = "<group>"; };
		2F91B860C2ED7340AAD08E30 /* Pods-LazyNetDemo.release.xcconfig */ = {isa = PBXFileReference; includeInIndex = 1; lastKnownFileType = text.xcconfig; name = "Pods-LazyNetDemo.release.xcconfig"; path = "Pods/Target Support Files/Pods-LazyNetDemo/Pods-LazyNetDemo.release.xcconfig"; sourceTree = "<group>"; };
		4E281AFF2059278900586BB6 /* ResponseProcess.m */ = {isa = PBXFileReference; fileEncoding = 4; lastKnownFileType = sourcecode.c.objc; path = ResponseProcess.m; sourceTree = "<group>"; };
		4E281B002059278900586BB6 /* JSONUtils.m */ = {isa = PBXFileReference; fileEncoding = 4; lastKnownFileType = sourcecode.c.objc; path = JSONUtils.m; sourceTree = "<group>"; };
		4E281B012059278900586BB6 /* JSONUtils.h */ = {isa = PBXFileReference; fileEncoding = 4; lastKnownFileType = sourcecode.c.h; path = JSONUtils.h; sourceTree = "<group>"; };
		4E281B022059278900586BB6 /* LazyHttpClient+LazySynchro.m */ = {isa = PBXFileReference; fileEncoding = 4; lastKnownFileType = sourcecode.c.objc; path = "LazyHttpClient+LazySynchro.m"; sourceTree = "<group>"; };
		4E281B032059278A00586BB6 /* HttpClient+Synchro.h */ = {isa = PBXFileReference; fileEncoding = 4; lastKnownFileType = sourcecode.c.h; path = "HttpClient+Synchro.h"; sourceTree = "<group>"; };
		4E281B042059278A00586BB6 /* NSString+Coding.m */ = {isa = PBXFileReference; fileEncoding = 4; lastKnownFileType = sourcecode.c.objc; path = "NSString+Coding.m"; sourceTree = "<group>"; };
		4E281B052059278A00586BB6 /* HttpClient+Synchro.m */ = {isa = PBXFileReference; fileEncoding = 4; lastKnownFileType = sourcecode.c.objc; path = "HttpClient+Synchro.m"; sourceTree = "<group>"; };
		4E281B062059278A00586BB6 /* HttpClient.h */ = {isa = PBXFileReference; fileEncoding = 4; lastKnownFileType = sourcecode.c.h; path = HttpClient.h; sourceTree = "<group>"; };
		4E281B072059278A00586BB6 /* RequestParam.h */ = {isa = PBXFileReference; fileEncoding = 4; lastKnownFileType = sourcecode.c.h; path = RequestParam.h; sourceTree = "<group>"; };
		4E281B082059278A00586BB6 /* ResponseCallback.h */ = {isa = PBXFileReference; fileEncoding = 4; lastKnownFileType = sourcecode.c.h; path = ResponseCallback.h; sourceTree = "<group>"; };
		4E281B092059278A00586BB6 /* LazyHttpClient.m */ = {isa = PBXFileReference; fileEncoding = 4; lastKnownFileType = sourcecode.c.objc; path = LazyHttpClient.m; sourceTree = "<group>"; };
		4E281B0A2059278A00586BB6 /* LazyNetLogger.h */ = {isa = PBXFileReference; fileEncoding = 4; lastKnownFileType = sourcecode.c.h; path = LazyNetLogger.h; sourceTree = "<group>"; };
		4E281B0B2059278A00586BB6 /* LazyNetLibrary.h */ = {isa = PBXFileReference; fileEncoding = 4; lastKnownFileType = sourcecode.c.h; path = LazyNetLibrary.h; sourceTree = "<group>"; };
		4E281B0C2059278A00586BB6 /* RequestParam.m */ = {isa = PBXFileReference; fileEncoding = 4; lastKnownFileType = sourcecode.c.objc; path = RequestParam.m; sourceTree = "<group>"; };
		4E281B0D2059278A00586BB6 /* JSONResponseProcess.h */ = {isa = PBXFileReference; fileEncoding = 4; lastKnownFileType = sourcecode.c.h; path = JSONResponseProcess.h; sourceTree = "<group>"; };
		4E281B0E2059278A00586BB6 /* HttpClient.m */ = {isa = PBXFileReference; fileEncoding = 4; lastKnownFileType = sourcecode.c.objc; path = HttpClient.m; sourceTree = "<group>"; };
		4E281B0F2059278A00586BB6 /* JSONResponseProcess.m */ = {isa = PBXFileReference; fileEncoding = 4; lastKnownFileType = sourcecode.c.objc; path = JSONResponseProcess.m; sourceTree = "<group>"; };
		4E281B102059278A00586BB6 /* LazyNetLogger.m */ = {isa = PBXFileReference; fileEncoding = 4; lastKnownFileType = sourcecode.c.objc; path = LazyNetLogger.m; sourceTree = "<group>"; };
		4E281B112059278A00586BB6 /* LazyHttpClient+LazySynchro.h */ = {isa = PBXFileReference; fileEncoding = 4; lastKnownFileType = sourcecode.c.h; path = "LazyHttpClient+LazySynchro.h"; sourceTree = "<group>"; };
		4E281B122059278B00586BB6 /* NSString+Coding.h */ = {isa = PBXFileReference; fileEncoding = 4; lastKnownFileType = sourcecode.c.h; path = "NSString+Coding.h"; sourceTree = "<group>"; };
		4E281B132059278B00586BB6 /* ResponseProcess.h */ = {isa = PBXFileReference; fileEncoding = 4; lastKnownFileType = sourcecode.c.h; path = ResponseProcess.h; sourceTree = "<group>"; };
		4E281B142059278B00586BB6 /* LazyHttpClient.h */ = {isa = PBXFileReference; fileEncoding = 4; lastKnownFileType = sourcecode.c.h; path = LazyHttpClient.h; sourceTree = "<group>"; };
		4E288E3D1E306A2500C3DC38 /* LazyNetDemo.app */ = {isa = PBXFileReference; explicitFileType = wrapper.application; includeInIndex = 0; path = LazyNetDemo.app; sourceTree = BUILT_PRODUCTS_DIR; };
		4E288E401E306A2500C3DC38 /* main.m */ = {isa = PBXFileReference; lastKnownFileType = sourcecode.c.objc; path = main.m; sourceTree = "<group>"; };
		4E288E421E306A2500C3DC38 /* AppDelegate.h */ = {isa = PBXFileReference; lastKnownFileType = sourcecode.c.h; path = AppDelegate.h; sourceTree = "<group>"; };
		4E288E431E306A2500C3DC38 /* AppDelegate.m */ = {isa = PBXFileReference; lastKnownFileType = sourcecode.c.objc; path = AppDelegate.m; sourceTree = "<group>"; };
		4E288E451E306A2500C3DC38 /* ViewController.h */ = {isa = PBXFileReference; lastKnownFileType = sourcecode.c.h; path = ViewController.h; sourceTree = "<group>"; };
		4E288E461E306A2500C3DC38 /* ViewController.m */ = {isa = PBXFileReference; lastKnownFileType = sourcecode.c.objc; path = ViewController.m; sourceTree = "<group>"; };
		4E288E491E306A2500C3DC38 /* Base */ = {isa = PBXFileReference; lastKnownFileType = file.storyboard; name = Base; path = Base.lproj/Main.storyboard; sourceTree = "<group>"; };
		4E288E4B1E306A2500C3DC38 /* Assets.xcassets */ = {isa = PBXFileReference; lastKnownFileType = folder.assetcatalog; path = Assets.xcassets; sourceTree = "<group>"; };
		4E288E4E1E306A2500C3DC38 /* Base */ = {isa = PBXFileReference; lastKnownFileType = file.storyboard; name = Base; path = Base.lproj/LaunchScreen.storyboard; sourceTree = "<group>"; };
		4E288E501E306A2500C3DC38 /* Info.plist */ = {isa = PBXFileReference; lastKnownFileType = text.plist.xml; path = Info.plist; sourceTree = "<group>"; };
		4E288E551E306A2500C3DC38 /* LazyNetDemoTests.xctest */ = {isa = PBXFileReference; explicitFileType = wrapper.cfbundle; includeInIndex = 0; path = LazyNetDemoTests.xctest; sourceTree = BUILT_PRODUCTS_DIR; };
		4E288E591E306A2500C3DC38 /* LazyNetDemoTests.m */ = {isa = PBXFileReference; lastKnownFileType = sourcecode.c.objc; path = LazyNetDemoTests.m; sourceTree = "<group>"; };
		4E288E5B1E306A2500C3DC38 /* Info.plist */ = {isa = PBXFileReference; lastKnownFileType = text.plist.xml; path = Info.plist; sourceTree = "<group>"; };
		4E288E601E306A2500C3DC38 /* LazyNetDemoUITests.xctest */ = {isa = PBXFileReference; explicitFileType = wrapper.cfbundle; includeInIndex = 0; path = LazyNetDemoUITests.xctest; sourceTree = BUILT_PRODUCTS_DIR; };
		4E288E641E306A2500C3DC38 /* LazyNetDemoUITests.m */ = {isa = PBXFileReference; lastKnownFileType = sourcecode.c.objc; path = LazyNetDemoUITests.m; sourceTree = "<group>"; };
		4E288E661E306A2500C3DC38 /* Info.plist */ = {isa = PBXFileReference; lastKnownFileType = text.plist.xml; path = Info.plist; sourceTree = "<group>"; };
		4E288E751E306A5300C3DC38 /* LazyNetLibrary.framework */ = {isa = PBXFileReference; explicitFileType = wrapper.framework; includeInIndex = 0; path = LazyNetLibrary.framework; sourceTree = BUILT_PRODUCTS_DIR; };
		4E288E781E306A5300C3DC38 /* Info.plist */ = {isa = PBXFileReference; lastKnownFileType = text.plist.xml; path = Info.plist; sourceTree = "<group>"; };
		4E288E7D1E306A5300C3DC38 /* LazyNetLibraryTests.xctest */ = {isa = PBXFileReference; explicitFileType = wrapper.cfbundle; includeInIndex = 0; path = LazyNetLibraryTests.xctest; sourceTree = BUILT_PRODUCTS_DIR; };
		4E288E841E306A5400C3DC38 /* LazyNetLibraryTests.m */ = {isa = PBXFileReference; lastKnownFileType = sourcecode.c.objc; path = LazyNetLibraryTests.m; sourceTree = "<group>"; };
		4E288E861E306A5400C3DC38 /* Info.plist */ = {isa = PBXFileReference; lastKnownFileType = text.plist.xml; path = Info.plist; sourceTree = "<group>"; };
		4E288EB11E306BC900C3DC38 /* Define.h */ = {isa = PBXFileReference; fileEncoding = 4; lastKnownFileType = sourcecode.c.h; path = Define.h; sourceTree = "<group>"; };
		4E288EB21E306BC900C3DC38 /* GetViewController.h */ = {isa = PBXFileReference; fileEncoding = 4; lastKnownFileType = sourcecode.c.h; path = GetViewController.h; sourceTree = "<group>"; };
		4E288EB31E306BC900C3DC38 /* GetViewController.m */ = {isa = PBXFileReference; fileEncoding = 4; lastKnownFileType = sourcecode.c.objc; path = GetViewController.m; sourceTree = "<group>"; };
		4E288EB41E306BC900C3DC38 /* LazyNetDemo.pch */ = {isa = PBXFileReference; fileEncoding = 4; lastKnownFileType = sourcecode.c.h; path = LazyNetDemo.pch; sourceTree = "<group>"; };
		4E288EB51E306BC900C3DC38 /* UIColor+WJExtend.h */ = {isa = PBXFileReference; fileEncoding = 4; lastKnownFileType = sourcecode.c.h; path = "UIColor+WJExtend.h"; sourceTree = "<group>"; };
		4E288EB61E306BC900C3DC38 /* UIColor+WJExtend.m */ = {isa = PBXFileReference; fileEncoding = 4; lastKnownFileType = sourcecode.c.objc; path = "UIColor+WJExtend.m"; sourceTree = "<group>"; };
		4E288EB71E306BC900C3DC38 /* UIImage+Addition.h */ = {isa = PBXFileReference; fileEncoding = 4; lastKnownFileType = sourcecode.c.h; path = "UIImage+Addition.h"; sourceTree = "<group>"; };
		4E288EB81E306BC900C3DC38 /* UIImage+Addition.m */ = {isa = PBXFileReference; fileEncoding = 4; lastKnownFileType = sourcecode.c.objc; path = "UIImage+Addition.m"; sourceTree = "<group>"; };
		4E288EBD1E306BD300C3DC38 /* BaseResponseModel.h */ = {isa = PBXFileReference; fileEncoding = 4; lastKnownFileType = sourcecode.c.h; path = BaseResponseModel.h; sourceTree = "<group>"; };
		4E288EBE1E306BD300C3DC38 /* BaseResponseModel.m */ = {isa = PBXFileReference; fileEncoding = 4; lastKnownFileType = sourcecode.c.objc; path = BaseResponseModel.m; sourceTree = "<group>"; };
		4E288EBF1E306BD300C3DC38 /* GetPhoneProvinceResponseModel.h */ = {isa = PBXFileReference; fileEncoding = 4; lastKnownFileType = sourcecode.c.h; path = GetPhoneProvinceResponseModel.h; sourceTree = "<group>"; };
		4E288EC01E306BD300C3DC38 /* GetPhoneProvinceResponseModel.m */ = {isa = PBXFileReference; fileEncoding = 4; lastKnownFileType = sourcecode.c.objc; path = GetPhoneProvinceResponseModel.m; sourceTree = "<group>"; };
		4E288EC11E306BD300C3DC38 /* PhoneProvinceModel.h */ = {isa = PBXFileReference; fileEncoding = 4; lastKnownFileType = sourcecode.c.h; path = PhoneProvinceModel.h; sourceTree = "<group>"; };
		4E288EC21E306BD300C3DC38 /* PhoneProvinceModel.m */ = {isa = PBXFileReference; fileEncoding = 4; lastKnownFileType = sourcecode.c.objc; path = PhoneProvinceModel.m; sourceTree = "<group>"; };
		4E288EC41E306BD300C3DC38 /* LazyHttpClient+WJCustom.h */ = {isa = PBXFileReference; fileEncoding = 4; lastKnownFileType = sourcecode.c.h; path = "LazyHttpClient+WJCustom.h"; sourceTree = "<group>"; };
		4E288EC51E306BD300C3DC38 /* LazyHttpClient+WJCustom.m */ = {isa = PBXFileReference; fileEncoding = 4; lastKnownFileType = sourcecode.c.objc; path = "LazyHttpClient+WJCustom.m"; sourceTree = "<group>"; };
		4E288EC61E306BD300C3DC38 /* WJHttpErrorCodeParseHelps.h */ = {isa = PBXFileReference; fileEncoding = 4; lastKnownFileType = sourcecode.c.h; path = WJHttpErrorCodeParseHelps.h; sourceTree = "<group>"; };
		4E288EC71E306BD300C3DC38 /* WJHttpErrorCodeParseHelps.m */ = {isa = PBXFileReference; fileEncoding = 4; lastKnownFileType = sourcecode.c.objc; path = WJHttpErrorCodeParseHelps.m; sourceTree = "<group>"; };
		4E288EC81E306BD300C3DC38 /* WrapResponseCallback.h */ = {isa = PBXFileReference; fileEncoding = 4; lastKnownFileType = sourcecode.c.h; path = WrapResponseCallback.h; sourceTree = "<group>"; };
		4E288EC91E306BD300C3DC38 /* WrapResponseCallback.m */ = {isa = PBXFileReference; fileEncoding = 4; lastKnownFileType = sourcecode.c.objc; path = WrapResponseCallback.m; sourceTree = "<group>"; };
		4E288ED01E309BAC00C3DC38 /* PostViewController.h */ = {isa = PBXFileReference; fileEncoding = 4; lastKnownFileType = sourcecode.c.h; path = PostViewController.h; sourceTree = "<group>"; };
		4E288ED11E309BAC00C3DC38 /* PostViewController.m */ = {isa = PBXFileReference; fileEncoding = 4; lastKnownFileType = sourcecode.c.objc; path = PostViewController.m; sourceTree = "<group>"; };
		4E288ED61E309DDB00C3DC38 /* QQXiongJIResponseModel.h */ = {isa = PBXFileReference; fileEncoding = 4; lastKnownFileType = sourcecode.c.h; path = QQXiongJIResponseModel.h; sourceTree = "<group>"; };
		4E288ED71E309DDB00C3DC38 /* QQXiongJIResponseModel.m */ = {isa = PBXFileReference; fileEncoding = 4; lastKnownFileType = sourcecode.c.objc; path = QQXiongJIResponseModel.m; sourceTree = "<group>"; };
		4E288ED91E309DF400C3DC38 /* QQXiongJIModel.h */ = {isa = PBXFileReference; fileEncoding = 4; lastKnownFileType = sourcecode.c.h; path = QQXiongJIModel.h; sourceTree = "<group>"; };
		4E288EDA1E309DF400C3DC38 /* QQXiongJIModel.m */ = {isa = PBXFileReference; fileEncoding = 4; lastKnownFileType = sourcecode.c.objc; path = QQXiongJIModel.m; sourceTree = "<group>"; };
		4E288EDC1E309E5800C3DC38 /* QQXiongJIDataModel.h */ = {isa = PBXFileReference; fileEncoding = 4; lastKnownFileType = sourcecode.c.h; path = QQXiongJIDataModel.h; sourceTree = "<group>"; };
		4E288EDD1E309E5800C3DC38 /* QQXiongJIDataModel.m */ = {isa = PBXFileReference; fileEncoding = 4; lastKnownFileType = sourcecode.c.objc; path = QQXiongJIDataModel.m; sourceTree = "<group>"; };
		63676CDB30B3618694392CB2 /* Pods-LazyNetLibrary.release.xcconfig */ = {isa = PBXFileReference; includeInIndex = 1; lastKnownFileType = text.xcconfig; name = "Pods-LazyNetLibrary.release.xcconfig"; path = "Pods/Target Support Files/Pods-LazyNetLibrary/Pods-LazyNetLibrary.release.xcconfig"; sourceTree = "<group>"; };
		6B4DABDF4C830993900E5CC4 /* libPods-LazyNetDemo.a */ = {isa = PBXFileReference; explicitFileType = archive.ar; includeInIndex = 0; path = "libPods-LazyNetDemo.a"; sourceTree = BUILT_PRODUCTS_DIR; };
		853B5A7515500F7C7D4CC7CF /* Pods-LazyNetDemo.debug.xcconfig */ = {isa = PBXFileReference; includeInIndex = 1; lastKnownFileType = text.xcconfig; name = "Pods-LazyNetDemo.debug.xcconfig"; path = "Pods/Target Support Files/Pods-LazyNetDemo/Pods-LazyNetDemo.debug.xcconfig"; sourceTree = "<group>"; };
		87E742032CCA094AA305EB89 /* Pods-LazyNetLibrary.debug.xcconfig */ = {isa = PBXFileReference; includeInIndex = 1; lastKnownFileType = text.xcconfig; name = "Pods-LazyNetLibrary.debug.xcconfig"; path = "Pods/Target Support Files/Pods-LazyNetLibrary/Pods-LazyNetLibrary.debug.xcconfig"; sourceTree = "<group>"; };
		9377BDD0E1B08C681CA82878 /* libPods-LazyNetForIOS.a */ = {isa = PBXFileReference; explicitFileType = archive.ar; includeInIndex = 0; path = "libPods-LazyNetForIOS.a"; sourceTree = BUILT_PRODUCTS_DIR; };
		C275CD7681B753A7494CF5F2 /* libPods-LazyNetLibrary.a */ = {isa = PBXFileReference; explicitFileType = archive.ar; includeInIndex = 0; path = "libPods-LazyNetLibrary.a"; sourceTree = BUILT_PRODUCTS_DIR; };
		DC6BDC6C37C2EDD4FC3A18E4 /* Pods-LazyNetForIOS.release.xcconfig */ = {isa = PBXFileReference; includeInIndex = 1; lastKnownFileType = text.xcconfig; name = "Pods-LazyNetForIOS.release.xcconfig"; path = "Pods/Target Support Files/Pods-LazyNetForIOS/Pods-LazyNetForIOS.release.xcconfig"; sourceTree = "<group>"; };
/* End PBXFileReference section */

/* Begin PBXFrameworksBuildPhase section */
		4E288E3A1E306A2500C3DC38 /* Frameworks */ = {
			isa = PBXFrameworksBuildPhase;
			buildActionMask = 2147483647;
			files = (
				4E288E8A1E306A5400C3DC38 /* LazyNetLibrary.framework in Frameworks */,
				C7735CD5330F73EF0FC2952D /* libPods-LazyNetDemo.a in Frameworks */,
			);
			runOnlyForDeploymentPostprocessing = 0;
		};
		4E288E521E306A2500C3DC38 /* Frameworks */ = {
			isa = PBXFrameworksBuildPhase;
			buildActionMask = 2147483647;
			files = (
			);
			runOnlyForDeploymentPostprocessing = 0;
		};
		4E288E5D1E306A2500C3DC38 /* Frameworks */ = {
			isa = PBXFrameworksBuildPhase;
			buildActionMask = 2147483647;
			files = (
			);
			runOnlyForDeploymentPostprocessing = 0;
		};
		4E288E711E306A5300C3DC38 /* Frameworks */ = {
			isa = PBXFrameworksBuildPhase;
			buildActionMask = 2147483647;
			files = (
				14A84A0D07D67E70F25DB40C /* libPods-LazyNetLibrary.a in Frameworks */,
			);
			runOnlyForDeploymentPostprocessing = 0;
		};
		4E288E7A1E306A5300C3DC38 /* Frameworks */ = {
			isa = PBXFrameworksBuildPhase;
			buildActionMask = 2147483647;
			files = (
				4E288E7E1E306A5400C3DC38 /* LazyNetLibrary.framework in Frameworks */,
			);
			runOnlyForDeploymentPostprocessing = 0;
		};
/* End PBXFrameworksBuildPhase section */

/* Begin PBXGroup section */
		2364F412D8D85D6947FEF40A /* Frameworks */ = {
			isa = PBXGroup;
			children = (
				6B4DABDF4C830993900E5CC4 /* libPods-LazyNetDemo.a */,
				9377BDD0E1B08C681CA82878 /* libPods-LazyNetForIOS.a */,
				C275CD7681B753A7494CF5F2 /* libPods-LazyNetLibrary.a */,
			);
			name = Frameworks;
			sourceTree = "<group>";
		};
		4E288E161E3069DD00C3DC38 = {
			isa = PBXGroup;
			children = (
				4E288E3E1E306A2500C3DC38 /* LazyNetDemo */,
				4E288E581E306A2500C3DC38 /* LazyNetDemoTests */,
				4E288E631E306A2500C3DC38 /* LazyNetDemoUITests */,
				4E288E761E306A5300C3DC38 /* LazyNetLibrary */,
				4E288E831E306A5400C3DC38 /* LazyNetLibraryTests */,
				4E288E201E3069DD00C3DC38 /* Products */,
				E7025F3442BCA888C9949537 /* Pods */,
				2364F412D8D85D6947FEF40A /* Frameworks */,
			);
			sourceTree = "<group>";
		};
		4E288E201E3069DD00C3DC38 /* Products */ = {
			isa = PBXGroup;
			children = (
				4E288E3D1E306A2500C3DC38 /* LazyNetDemo.app */,
				4E288E551E306A2500C3DC38 /* LazyNetDemoTests.xctest */,
				4E288E601E306A2500C3DC38 /* LazyNetDemoUITests.xctest */,
				4E288E751E306A5300C3DC38 /* LazyNetLibrary.framework */,
				4E288E7D1E306A5300C3DC38 /* LazyNetLibraryTests.xctest */,
			);
			name = Products;
			sourceTree = "<group>";
		};
		4E288E3E1E306A2500C3DC38 /* LazyNetDemo */ = {
			isa = PBXGroup;
			children = (
				4E288EBC1E306BD300C3DC38 /* Model */,
				4E288EC31E306BD300C3DC38 /* Net */,
				4E288EB11E306BC900C3DC38 /* Define.h */,
				4E288ED01E309BAC00C3DC38 /* PostViewController.h */,
				4E288ED11E309BAC00C3DC38 /* PostViewController.m */,
				4E288EB21E306BC900C3DC38 /* GetViewController.h */,
				4E288EB31E306BC900C3DC38 /* GetViewController.m */,
				4E288EB41E306BC900C3DC38 /* LazyNetDemo.pch */,
				4E288EB51E306BC900C3DC38 /* UIColor+WJExtend.h */,
				4E288EB61E306BC900C3DC38 /* UIColor+WJExtend.m */,
				4E288EB71E306BC900C3DC38 /* UIImage+Addition.h */,
				4E288EB81E306BC900C3DC38 /* UIImage+Addition.m */,
				4E288E421E306A2500C3DC38 /* AppDelegate.h */,
				4E288E431E306A2500C3DC38 /* AppDelegate.m */,
				4E288E451E306A2500C3DC38 /* ViewController.h */,
				4E288E461E306A2500C3DC38 /* ViewController.m */,
				4E288E481E306A2500C3DC38 /* Main.storyboard */,
				4E288E4B1E306A2500C3DC38 /* Assets.xcassets */,
				4E288E4D1E306A2500C3DC38 /* LaunchScreen.storyboard */,
				4E288E501E306A2500C3DC38 /* Info.plist */,
				4E288E3F1E306A2500C3DC38 /* Supporting Files */,
			);
			path = LazyNetDemo;
			sourceTree = "<group>";
		};
		4E288E3F1E306A2500C3DC38 /* Supporting Files */ = {
			isa = PBXGroup;
			children = (
				4E288E401E306A2500C3DC38 /* main.m */,
			);
			name = "Supporting Files";
			sourceTree = "<group>";
		};
		4E288E581E306A2500C3DC38 /* LazyNetDemoTests */ = {
			isa = PBXGroup;
			children = (
				4E288E591E306A2500C3DC38 /* LazyNetDemoTests.m */,
				4E288E5B1E306A2500C3DC38 /* Info.plist */,
			);
			path = LazyNetDemoTests;
			sourceTree = "<group>";
		};
		4E288E631E306A2500C3DC38 /* LazyNetDemoUITests */ = {
			isa = PBXGroup;
			children = (
				4E288E641E306A2500C3DC38 /* LazyNetDemoUITests.m */,
				4E288E661E306A2500C3DC38 /* Info.plist */,
			);
			path = LazyNetDemoUITests;
			sourceTree = "<group>";
		};
		4E288E761E306A5300C3DC38 /* LazyNetLibrary */ = {
			isa = PBXGroup;
			children = (
				4E281B062059278A00586BB6 /* HttpClient.h */,
				4E281B0E2059278A00586BB6 /* HttpClient.m */,
				4E281B032059278A00586BB6 /* HttpClient+Synchro.h */,
				4E281B052059278A00586BB6 /* HttpClient+Synchro.m */,
				4E281B0D2059278A00586BB6 /* JSONResponseProcess.h */,
				4E281B0F2059278A00586BB6 /* JSONResponseProcess.m */,
				4E281B012059278900586BB6 /* JSONUtils.h */,
				4E281B002059278900586BB6 /* JSONUtils.m */,
				4E281B142059278B00586BB6 /* LazyHttpClient.h */,
				4E281B092059278A00586BB6 /* LazyHttpClient.m */,
				4E281B112059278A00586BB6 /* LazyHttpClient+LazySynchro.h */,
				4E281B022059278900586BB6 /* LazyHttpClient+LazySynchro.m */,
				4E281B0B2059278A00586BB6 /* LazyNetLibrary.h */,
				4E281B0A2059278A00586BB6 /* LazyNetLogger.h */,
				4E281B102059278A00586BB6 /* LazyNetLogger.m */,
				4E281B122059278B00586BB6 /* NSString+Coding.h */,
				4E281B042059278A00586BB6 /* NSString+Coding.m */,
				4E281B072059278A00586BB6 /* RequestParam.h */,
				4E281B0C2059278A00586BB6 /* RequestParam.m */,
				4E281B082059278A00586BB6 /* ResponseCallback.h */,
				4E281B132059278B00586BB6 /* ResponseProcess.h */,
				4E281AFF2059278900586BB6 /* ResponseProcess.m */,
				4E288E781E306A5300C3DC38 /* Info.plist */,
			);
			path = LazyNetLibrary;
			sourceTree = "<group>";
		};
		4E288E831E306A5400C3DC38 /* LazyNetLibraryTests */ = {
			isa = PBXGroup;
			children = (
				4E288E841E306A5400C3DC38 /* LazyNetLibraryTests.m */,
				4E288E861E306A5400C3DC38 /* Info.plist */,
			);
			path = LazyNetLibraryTests;
			sourceTree = "<group>";
		};
		4E288EBC1E306BD300C3DC38 /* Model */ = {
			isa = PBXGroup;
			children = (
				4E288EBD1E306BD300C3DC38 /* BaseResponseModel.h */,
				4E288EBE1E306BD300C3DC38 /* BaseResponseModel.m */,
				4E288EBF1E306BD300C3DC38 /* GetPhoneProvinceResponseModel.h */,
				4E288EC01E306BD300C3DC38 /* GetPhoneProvinceResponseModel.m */,
				4E288EC11E306BD300C3DC38 /* PhoneProvinceModel.h */,
				4E288EC21E306BD300C3DC38 /* PhoneProvinceModel.m */,
				4E288ED61E309DDB00C3DC38 /* QQXiongJIResponseModel.h */,
				4E288ED71E309DDB00C3DC38 /* QQXiongJIResponseModel.m */,
				4E288ED91E309DF400C3DC38 /* QQXiongJIModel.h */,
				4E288EDA1E309DF400C3DC38 /* QQXiongJIModel.m */,
				4E288EDC1E309E5800C3DC38 /* QQXiongJIDataModel.h */,
				4E288EDD1E309E5800C3DC38 /* QQXiongJIDataModel.m */,
			);
			path = Model;
			sourceTree = "<group>";
		};
		4E288EC31E306BD300C3DC38 /* Net */ = {
			isa = PBXGroup;
			children = (
				4E288EC41E306BD300C3DC38 /* LazyHttpClient+WJCustom.h */,
				4E288EC51E306BD300C3DC38 /* LazyHttpClient+WJCustom.m */,
				4E288EC61E306BD300C3DC38 /* WJHttpErrorCodeParseHelps.h */,
				4E288EC71E306BD300C3DC38 /* WJHttpErrorCodeParseHelps.m */,
				4E288EC81E306BD300C3DC38 /* WrapResponseCallback.h */,
				4E288EC91E306BD300C3DC38 /* WrapResponseCallback.m */,
			);
			path = Net;
			sourceTree = "<group>";
		};
		E7025F3442BCA888C9949537 /* Pods */ = {
			isa = PBXGroup;
			children = (
				853B5A7515500F7C7D4CC7CF /* Pods-LazyNetDemo.debug.xcconfig */,
				2F91B860C2ED7340AAD08E30 /* Pods-LazyNetDemo.release.xcconfig */,
				0E72BDCB8D923BC94655A6D4 /* Pods-LazyNetForIOS.debug.xcconfig */,
				DC6BDC6C37C2EDD4FC3A18E4 /* Pods-LazyNetForIOS.release.xcconfig */,
				87E742032CCA094AA305EB89 /* Pods-LazyNetLibrary.debug.xcconfig */,
				63676CDB30B3618694392CB2 /* Pods-LazyNetLibrary.release.xcconfig */,
			);
			name = Pods;
			sourceTree = "<group>";
		};
/* End PBXGroup section */

/* Begin PBXHeadersBuildPhase section */
		4E288E721E306A5300C3DC38 /* Headers */ = {
			isa = PBXHeadersBuildPhase;
			buildActionMask = 2147483647;
			files = (
				4E281B202059278B00586BB6 /* LazyNetLogger.h in Headers */,
				4E281B272059278B00586BB6 /* LazyHttpClient+LazySynchro.h in Headers */,
				4E281B192059278B00586BB6 /* HttpClient+Synchro.h in Headers */,
				4E281B292059278B00586BB6 /* ResponseProcess.h in Headers */,
				4E281B172059278B00586BB6 /* JSONUtils.h in Headers */,
				4E281B2A2059278B00586BB6 /* LazyHttpClient.h in Headers */,
				4E281B282059278B00586BB6 /* NSString+Coding.h in Headers */,
				4E281B232059278B00586BB6 /* JSONResponseProcess.h in Headers */,
				4E281B1D2059278B00586BB6 /* RequestParam.h in Headers */,
				4E281B1E2059278B00586BB6 /* ResponseCallback.h in Headers */,
				4E281B1C2059278B00586BB6 /* HttpClient.h in Headers */,
				4E281B212059278B00586BB6 /* LazyNetLibrary.h in Headers */,
			);
			runOnlyForDeploymentPostprocessing = 0;
		};
/* End PBXHeadersBuildPhase section */

/* Begin PBXNativeTarget section */
		4E288E3C1E306A2500C3DC38 /* LazyNetDemo */ = {
			isa = PBXNativeTarget;
			buildConfigurationList = 4E288E671E306A2500C3DC38 /* Build configuration list for PBXNativeTarget "LazyNetDemo" */;
			buildPhases = (
				149835E16D32E1E963DE946A /* [CP] Check Pods Manifest.lock */,
				4E288E391E306A2500C3DC38 /* Sources */,
				4E288E3A1E306A2500C3DC38 /* Frameworks */,
				4E288E3B1E306A2500C3DC38 /* Resources */,
				4E288E8F1E306A5400C3DC38 /* Embed Frameworks */,
				5C6EA64A1ABC51EBB68046C8 /* [CP] Embed Pods Frameworks */,
				B01A53B0FB7BC86954C7E0B1 /* [CP] Copy Pods Resources */,
			);
			buildRules = (
			);
			dependencies = (
				4E288E891E306A5400C3DC38 /* PBXTargetDependency */,
			);
			name = LazyNetDemo;
			productName = LazyNetDemo;
			productReference = 4E288E3D1E306A2500C3DC38 /* LazyNetDemo.app */;
			productType = "com.apple.product-type.application";
		};
		4E288E541E306A2500C3DC38 /* LazyNetDemoTests */ = {
			isa = PBXNativeTarget;
			buildConfigurationList = 4E288E6A1E306A2500C3DC38 /* Build configuration list for PBXNativeTarget "LazyNetDemoTests" */;
			buildPhases = (
				4E288E511E306A2500C3DC38 /* Sources */,
				4E288E521E306A2500C3DC38 /* Frameworks */,
				4E288E531E306A2500C3DC38 /* Resources */,
			);
			buildRules = (
			);
			dependencies = (
				4E288E571E306A2500C3DC38 /* PBXTargetDependency */,
			);
			name = LazyNetDemoTests;
			productName = LazyNetDemoTests;
			productReference = 4E288E551E306A2500C3DC38 /* LazyNetDemoTests.xctest */;
			productType = "com.apple.product-type.bundle.unit-test";
		};
		4E288E5F1E306A2500C3DC38 /* LazyNetDemoUITests */ = {
			isa = PBXNativeTarget;
			buildConfigurationList = 4E288E6D1E306A2500C3DC38 /* Build configuration list for PBXNativeTarget "LazyNetDemoUITests" */;
			buildPhases = (
				4E288E5C1E306A2500C3DC38 /* Sources */,
				4E288E5D1E306A2500C3DC38 /* Frameworks */,
				4E288E5E1E306A2500C3DC38 /* Resources */,
			);
			buildRules = (
			);
			dependencies = (
				4E288E621E306A2500C3DC38 /* PBXTargetDependency */,
			);
			name = LazyNetDemoUITests;
			productName = LazyNetDemoUITests;
			productReference = 4E288E601E306A2500C3DC38 /* LazyNetDemoUITests.xctest */;
			productType = "com.apple.product-type.bundle.ui-testing";
		};
		4E288E741E306A5300C3DC38 /* LazyNetLibrary */ = {
			isa = PBXNativeTarget;
			buildConfigurationList = 4E288E8C1E306A5400C3DC38 /* Build configuration list for PBXNativeTarget "LazyNetLibrary" */;
			buildPhases = (
				FAC1E46CA132BD40C03F3FF1 /* [CP] Check Pods Manifest.lock */,
				4E288E701E306A5300C3DC38 /* Sources */,
				4E288E711E306A5300C3DC38 /* Frameworks */,
				4E288E721E306A5300C3DC38 /* Headers */,
				4E288E731E306A5300C3DC38 /* Resources */,
				EB1AC0A5D0B3922BF4D0DA52 /* [CP] Copy Pods Resources */,
			);
			buildRules = (
			);
			dependencies = (
			);
			name = LazyNetLibrary;
			productName = LazyNetLibrary;
			productReference = 4E288E751E306A5300C3DC38 /* LazyNetLibrary.framework */;
			productType = "com.apple.product-type.framework";
		};
		4E288E7C1E306A5300C3DC38 /* LazyNetLibraryTests */ = {
			isa = PBXNativeTarget;
			buildConfigurationList = 4E288E901E306A5400C3DC38 /* Build configuration list for PBXNativeTarget "LazyNetLibraryTests" */;
			buildPhases = (
				4E288E791E306A5300C3DC38 /* Sources */,
				4E288E7A1E306A5300C3DC38 /* Frameworks */,
				4E288E7B1E306A5300C3DC38 /* Resources */,
			);
			buildRules = (
			);
			dependencies = (
				4E288E801E306A5400C3DC38 /* PBXTargetDependency */,
				4E288E821E306A5400C3DC38 /* PBXTargetDependency */,
			);
			name = LazyNetLibraryTests;
			productName = LazyNetLibraryTests;
			productReference = 4E288E7D1E306A5300C3DC38 /* LazyNetLibraryTests.xctest */;
			productType = "com.apple.product-type.bundle.unit-test";
		};
/* End PBXNativeTarget section */

/* Begin PBXProject section */
		4E288E171E3069DD00C3DC38 /* Project object */ = {
			isa = PBXProject;
			attributes = {
				LastUpgradeCheck = 0820;
				ORGANIZATIONNAME = jiangyufeng;
				TargetAttributes = {
					4E288E3C1E306A2500C3DC38 = {
						CreatedOnToolsVersion = 8.2.1;
						DevelopmentTeam = 3VA89MX2F4;
						ProvisioningStyle = Automatic;
					};
					4E288E541E306A2500C3DC38 = {
						CreatedOnToolsVersion = 8.2.1;
						ProvisioningStyle = Automatic;
						TestTargetID = 4E288E3C1E306A2500C3DC38;
					};
					4E288E5F1E306A2500C3DC38 = {
						CreatedOnToolsVersion = 8.2.1;
						ProvisioningStyle = Automatic;
						TestTargetID = 4E288E3C1E306A2500C3DC38;
					};
					4E288E741E306A5300C3DC38 = {
						CreatedOnToolsVersion = 8.2.1;
						ProvisioningStyle = Automatic;
					};
					4E288E7C1E306A5300C3DC38 = {
						CreatedOnToolsVersion = 8.2.1;
						ProvisioningStyle = Automatic;
						TestTargetID = 4E288E3C1E306A2500C3DC38;
					};
				};
			};
			buildConfigurationList = 4E288E1A1E3069DD00C3DC38 /* Build configuration list for PBXProject "LazyNetForIOS" */;
			compatibilityVersion = "Xcode 3.2";
			developmentRegion = English;
			hasScannedForEncodings = 0;
			knownRegions = (
				en,
				Base,
			);
			mainGroup = 4E288E161E3069DD00C3DC38;
			productRefGroup = 4E288E201E3069DD00C3DC38 /* Products */;
			projectDirPath = "";
			projectRoot = "";
			targets = (
				4E288E3C1E306A2500C3DC38 /* LazyNetDemo */,
				4E288E541E306A2500C3DC38 /* LazyNetDemoTests */,
				4E288E5F1E306A2500C3DC38 /* LazyNetDemoUITests */,
				4E288E741E306A5300C3DC38 /* LazyNetLibrary */,
				4E288E7C1E306A5300C3DC38 /* LazyNetLibraryTests */,
			);
		};
/* End PBXProject section */

/* Begin PBXResourcesBuildPhase section */
		4E288E3B1E306A2500C3DC38 /* Resources */ = {
			isa = PBXResourcesBuildPhase;
			buildActionMask = 2147483647;
			files = (
				4E288E4F1E306A2500C3DC38 /* LaunchScreen.storyboard in Resources */,
				4E288E4C1E306A2500C3DC38 /* Assets.xcassets in Resources */,
				4E288E4A1E306A2500C3DC38 /* Main.storyboard in Resources */,
			);
			runOnlyForDeploymentPostprocessing = 0;
		};
		4E288E531E306A2500C3DC38 /* Resources */ = {
			isa = PBXResourcesBuildPhase;
			buildActionMask = 2147483647;
			files = (
			);
			runOnlyForDeploymentPostprocessing = 0;
		};
		4E288E5E1E306A2500C3DC38 /* Resources */ = {
			isa = PBXResourcesBuildPhase;
			buildActionMask = 2147483647;
			files = (
			);
			runOnlyForDeploymentPostprocessing = 0;
		};
		4E288E731E306A5300C3DC38 /* Resources */ = {
			isa = PBXResourcesBuildPhase;
			buildActionMask = 2147483647;
			files = (
			);
			runOnlyForDeploymentPostprocessing = 0;
		};
		4E288E7B1E306A5300C3DC38 /* Resources */ = {
			isa = PBXResourcesBuildPhase;
			buildActionMask = 2147483647;
			files = (
			);
			runOnlyForDeploymentPostprocessing = 0;
		};
/* End PBXResourcesBuildPhase section */

/* Begin PBXShellScriptBuildPhase section */
		149835E16D32E1E963DE946A /* [CP] Check Pods Manifest.lock */ = {
			isa = PBXShellScriptBuildPhase;
			buildActionMask = 2147483647;
			files = (
			);
			inputPaths = (
				"${PODS_PODFILE_DIR_PATH}/Podfile.lock",
				"${PODS_ROOT}/Manifest.lock",
			);
			name = "[CP] Check Pods Manifest.lock";
			outputPaths = (
				"$(DERIVED_FILE_DIR)/Pods-LazyNetDemo-checkManifestLockResult.txt",
			);
			runOnlyForDeploymentPostprocessing = 0;
			shellPath = /bin/sh;
			shellScript = "diff \"${PODS_PODFILE_DIR_PATH}/Podfile.lock\" \"${PODS_ROOT}/Manifest.lock\" > /dev/null\nif [ $? != 0 ] ; then\n    # print error to STDERR\n    echo \"error: The sandbox is not in sync with the Podfile.lock. Run 'pod install' or update your CocoaPods installation.\" >&2\n    exit 1\nfi\n# This output is used by Xcode 'outputs' to avoid re-running this script phase.\necho \"SUCCESS\" > \"${SCRIPT_OUTPUT_FILE_0}\"\n";
			showEnvVarsInLog = 0;
		};
		5C6EA64A1ABC51EBB68046C8 /* [CP] Embed Pods Frameworks */ = {
			isa = PBXShellScriptBuildPhase;
			buildActionMask = 2147483647;
			files = (
			);
			inputPaths = (
			);
			name = "[CP] Embed Pods Frameworks";
			outputPaths = (
			);
			runOnlyForDeploymentPostprocessing = 0;
			shellPath = /bin/sh;
			shellScript = "\"${SRCROOT}/Pods/Target Support Files/Pods-LazyNetDemo/Pods-LazyNetDemo-frameworks.sh\"\n";
			showEnvVarsInLog = 0;
		};
		B01A53B0FB7BC86954C7E0B1 /* [CP] Copy Pods Resources */ = {
			isa = PBXShellScriptBuildPhase;
			buildActionMask = 2147483647;
			files = (
			);
			inputPaths = (
			);
			name = "[CP] Copy Pods Resources";
			outputPaths = (
			);
			runOnlyForDeploymentPostprocessing = 0;
			shellPath = /bin/sh;
			shellScript = "\"${SRCROOT}/Pods/Target Support Files/Pods-LazyNetDemo/Pods-LazyNetDemo-resources.sh\"\n";
			showEnvVarsInLog = 0;
		};
		EB1AC0A5D0B3922BF4D0DA52 /* [CP] Copy Pods Resources */ = {
			isa = PBXShellScriptBuildPhase;
			buildActionMask = 2147483647;
			files = (
			);
			inputPaths = (
			);
			name = "[CP] Copy Pods Resources";
			outputPaths = (
			);
			runOnlyForDeploymentPostprocessing = 0;
			shellPath = /bin/sh;
			shellScript = "\"${SRCROOT}/Pods/Target Support Files/Pods-LazyNetLibrary/Pods-LazyNetLibrary-resources.sh\"\n";
			showEnvVarsInLog = 0;
		};
		FAC1E46CA132BD40C03F3FF1 /* [CP] Check Pods Manifest.lock */ = {
			isa = PBXShellScriptBuildPhase;
			buildActionMask = 2147483647;
			files = (
			);
			inputPaths = (
				"${PODS_PODFILE_DIR_PATH}/Podfile.lock",
				"${PODS_ROOT}/Manifest.lock",
			);
			name = "[CP] Check Pods Manifest.lock";
			outputPaths = (
				"$(DERIVED_FILE_DIR)/Pods-LazyNetLibrary-checkManifestLockResult.txt",
			);
			runOnlyForDeploymentPostprocessing = 0;
			shellPath = /bin/sh;
			shellScript = "diff \"${PODS_PODFILE_DIR_PATH}/Podfile.lock\" \"${PODS_ROOT}/Manifest.lock\" > /dev/null\nif [ $? != 0 ] ; then\n    # print error to STDERR\n    echo \"error: The sandbox is not in sync with the Podfile.lock. Run 'pod install' or update your CocoaPods installation.\" >&2\n    exit 1\nfi\n# This output is used by Xcode 'outputs' to avoid re-running this script phase.\necho \"SUCCESS\" > \"${SCRIPT_OUTPUT_FILE_0}\"\n";
			showEnvVarsInLog = 0;
		};
/* End PBXShellScriptBuildPhase section */

/* Begin PBXSourcesBuildPhase section */
		4E288E391E306A2500C3DC38 /* Sources */ = {
			isa = PBXSourcesBuildPhase;
			buildActionMask = 2147483647;
			files = (
				4E288ECD1E306BD300C3DC38 /* LazyHttpClient+WJCustom.m in Sources */,
				4E288ECC1E306BD300C3DC38 /* PhoneProvinceModel.m in Sources */,
				4E288EDB1E309DF400C3DC38 /* QQXiongJIModel.m in Sources */,
				4E288ED21E309BAC00C3DC38 /* PostViewController.m in Sources */,
				4E288EDE1E309E5800C3DC38 /* QQXiongJIDataModel.m in Sources */,
				4E288E471E306A2500C3DC38 /* ViewController.m in Sources */,
				4E288ECF1E306BD300C3DC38 /* WrapResponseCallback.m in Sources */,
				4E288ECA1E306BD300C3DC38 /* BaseResponseModel.m in Sources */,
				4E288ECB1E306BD300C3DC38 /* GetPhoneProvinceResponseModel.m in Sources */,
				4E288EB91E306BC900C3DC38 /* GetViewController.m in Sources */,
				4E288E441E306A2500C3DC38 /* AppDelegate.m in Sources */,
				4E288ED81E309DDB00C3DC38 /* QQXiongJIResponseModel.m in Sources */,
				4E288E411E306A2500C3DC38 /* main.m in Sources */,
				4E288ECE1E306BD300C3DC38 /* WJHttpErrorCodeParseHelps.m in Sources */,
				4E288EBA1E306BC900C3DC38 /* UIColor+WJExtend.m in Sources */,
				4E288EBB1E306BC900C3DC38 /* UIImage+Addition.m in Sources */,
			);
			runOnlyForDeploymentPostprocessing = 0;
		};
		4E288E511E306A2500C3DC38 /* Sources */ = {
			isa = PBXSourcesBuildPhase;
			buildActionMask = 2147483647;
			files = (
				4E288E5A1E306A2500C3DC38 /* LazyNetDemoTests.m in Sources */,
			);
			runOnlyForDeploymentPostprocessing = 0;
		};
		4E288E5C1E306A2500C3DC38 /* Sources */ = {
			isa = PBXSourcesBuildPhase;
			buildActionMask = 2147483647;
			files = (
				4E288E651E306A2500C3DC38 /* LazyNetDemoUITests.m in Sources */,
			);
			runOnlyForDeploymentPostprocessing = 0;
		};
		4E288E701E306A5300C3DC38 /* Sources */ = {
			isa = PBXSourcesBuildPhase;
			buildActionMask = 2147483647;
			files = (
				4E281B1F2059278B00586BB6 /* LazyHttpClient.m in Sources */,
				4E281B152059278B00586BB6 /* ResponseProcess.m in Sources */,
				4E281B1B2059278B00586BB6 /* HttpClient+Synchro.m in Sources */,
				4E281B162059278B00586BB6 /* JSONUtils.m in Sources */,
				4E281B182059278B00586BB6 /* LazyHttpClient+LazySynchro.m in Sources */,
				4E281B252059278B00586BB6 /* JSONResponseProcess.m in Sources */,
				4E281B222059278B00586BB6 /* RequestParam.m in Sources */,
				4E281B242059278B00586BB6 /* HttpClient.m in Sources */,
				4E281B1A2059278B00586BB6 /* NSString+Coding.m in Sources */,
				4E281B262059278B00586BB6 /* LazyNetLogger.m in Sources */,
			);
			runOnlyForDeploymentPostprocessing = 0;
		};
		4E288E791E306A5300C3DC38 /* Sources */ = {
			isa = PBXSourcesBuildPhase;
			buildActionMask = 2147483647;
			files = (
				4E288E851E306A5400C3DC38 /* LazyNetLibraryTests.m in Sources */,
			);
			runOnlyForDeploymentPostprocessing = 0;
		};
/* End PBXSourcesBuildPhase section */

/* Begin PBXTargetDependency section */
		4E288E571E306A2500C3DC38 /* PBXTargetDependency */ = {
			isa = PBXTargetDependency;
			target = 4E288E3C1E306A2500C3DC38 /* LazyNetDemo */;
			targetProxy = 4E288E561E306A2500C3DC38 /* PBXContainerItemProxy */;
		};
		4E288E621E306A2500C3DC38 /* PBXTargetDependency */ = {
			isa = PBXTargetDependency;
			target = 4E288E3C1E306A2500C3DC38 /* LazyNetDemo */;
			targetProxy = 4E288E611E306A2500C3DC38 /* PBXContainerItemProxy */;
		};
		4E288E801E306A5400C3DC38 /* PBXTargetDependency */ = {
			isa = PBXTargetDependency;
			target = 4E288E741E306A5300C3DC38 /* LazyNetLibrary */;
			targetProxy = 4E288E7F1E306A5400C3DC38 /* PBXContainerItemProxy */;
		};
		4E288E821E306A5400C3DC38 /* PBXTargetDependency */ = {
			isa = PBXTargetDependency;
			target = 4E288E3C1E306A2500C3DC38 /* LazyNetDemo */;
			targetProxy = 4E288E811E306A5400C3DC38 /* PBXContainerItemProxy */;
		};
		4E288E891E306A5400C3DC38 /* PBXTargetDependency */ = {
			isa = PBXTargetDependency;
			target = 4E288E741E306A5300C3DC38 /* LazyNetLibrary */;
			targetProxy = 4E288E881E306A5400C3DC38 /* PBXContainerItemProxy */;
		};
/* End PBXTargetDependency section */

/* Begin PBXVariantGroup section */
		4E288E481E306A2500C3DC38 /* Main.storyboard */ = {
			isa = PBXVariantGroup;
			children = (
				4E288E491E306A2500C3DC38 /* Base */,
			);
			name = Main.storyboard;
			sourceTree = "<group>";
		};
		4E288E4D1E306A2500C3DC38 /* LaunchScreen.storyboard */ = {
			isa = PBXVariantGroup;
			children = (
				4E288E4E1E306A2500C3DC38 /* Base */,
			);
			name = LaunchScreen.storyboard;
			sourceTree = "<group>";
		};
/* End PBXVariantGroup section */

/* Begin XCBuildConfiguration section */
		4E288E341E3069DD00C3DC38 /* Debug */ = {
			isa = XCBuildConfiguration;
			buildSettings = {
				ALWAYS_SEARCH_USER_PATHS = NO;
				CLANG_ANALYZER_NONNULL = YES;
				CLANG_CXX_LANGUAGE_STANDARD = "gnu++0x";
				CLANG_CXX_LIBRARY = "libc++";
				CLANG_ENABLE_MODULES = YES;
				CLANG_ENABLE_OBJC_ARC = YES;
				CLANG_WARN_BOOL_CONVERSION = YES;
				CLANG_WARN_CONSTANT_CONVERSION = YES;
				CLANG_WARN_DIRECT_OBJC_ISA_USAGE = YES_ERROR;
				CLANG_WARN_DOCUMENTATION_COMMENTS = YES;
				CLANG_WARN_EMPTY_BODY = YES;
				CLANG_WARN_ENUM_CONVERSION = YES;
				CLANG_WARN_INFINITE_RECURSION = YES;
				CLANG_WARN_INT_CONVERSION = YES;
				CLANG_WARN_OBJC_ROOT_CLASS = YES_ERROR;
				CLANG_WARN_SUSPICIOUS_MOVE = YES;
				CLANG_WARN_UNREACHABLE_CODE = YES;
				CLANG_WARN__DUPLICATE_METHOD_MATCH = YES;
				"CODE_SIGN_IDENTITY[sdk=iphoneos*]" = "iPhone Developer";
				COPY_PHASE_STRIP = NO;
				DEBUG_INFORMATION_FORMAT = dwarf;
				ENABLE_STRICT_OBJC_MSGSEND = YES;
				ENABLE_TESTABILITY = YES;
				GCC_C_LANGUAGE_STANDARD = gnu99;
				GCC_DYNAMIC_NO_PIC = NO;
				GCC_NO_COMMON_BLOCKS = YES;
				GCC_OPTIMIZATION_LEVEL = 0;
				GCC_PREPROCESSOR_DEFINITIONS = (
					"DEBUG=1",
					"$(inherited)",
				);
				GCC_WARN_64_TO_32_BIT_CONVERSION = YES;
				GCC_WARN_ABOUT_RETURN_TYPE = YES_ERROR;
				GCC_WARN_UNDECLARED_SELECTOR = YES;
				GCC_WARN_UNINITIALIZED_AUTOS = YES_AGGRESSIVE;
				GCC_WARN_UNUSED_FUNCTION = YES;
				GCC_WARN_UNUSED_VARIABLE = YES;
				IPHONEOS_DEPLOYMENT_TARGET = 10.2;
				MTL_ENABLE_DEBUG_INFO = YES;
				ONLY_ACTIVE_ARCH = YES;
				SDKROOT = iphoneos;
				TARGETED_DEVICE_FAMILY = "1,2";
			};
			name = Debug;
		};
		4E288E351E3069DD00C3DC38 /* Release */ = {
			isa = XCBuildConfiguration;
			buildSettings = {
				ALWAYS_SEARCH_USER_PATHS = NO;
				CLANG_ANALYZER_NONNULL = YES;
				CLANG_CXX_LANGUAGE_STANDARD = "gnu++0x";
				CLANG_CXX_LIBRARY = "libc++";
				CLANG_ENABLE_MODULES = YES;
				CLANG_ENABLE_OBJC_ARC = YES;
				CLANG_WARN_BOOL_CONVERSION = YES;
				CLANG_WARN_CONSTANT_CONVERSION = YES;
				CLANG_WARN_DIRECT_OBJC_ISA_USAGE = YES_ERROR;
				CLANG_WARN_DOCUMENTATION_COMMENTS = YES;
				CLANG_WARN_EMPTY_BODY = YES;
				CLANG_WARN_ENUM_CONVERSION = YES;
				CLANG_WARN_INFINITE_RECURSION = YES;
				CLANG_WARN_INT_CONVERSION = YES;
				CLANG_WARN_OBJC_ROOT_CLASS = YES_ERROR;
				CLANG_WARN_SUSPICIOUS_MOVE = YES;
				CLANG_WARN_UNREACHABLE_CODE = YES;
				CLANG_WARN__DUPLICATE_METHOD_MATCH = YES;
				"CODE_SIGN_IDENTITY[sdk=iphoneos*]" = "iPhone Developer";
				COPY_PHASE_STRIP = NO;
				DEBUG_INFORMATION_FORMAT = "dwarf-with-dsym";
				ENABLE_NS_ASSERTIONS = NO;
				ENABLE_STRICT_OBJC_MSGSEND = YES;
				GCC_C_LANGUAGE_STANDARD = gnu99;
				GCC_NO_COMMON_BLOCKS = YES;
				GCC_WARN_64_TO_32_BIT_CONVERSION = YES;
				GCC_WARN_ABOUT_RETURN_TYPE = YES_ERROR;
				GCC_WARN_UNDECLARED_SELECTOR = YES;
				GCC_WARN_UNINITIALIZED_AUTOS = YES_AGGRESSIVE;
				GCC_WARN_UNUSED_FUNCTION = YES;
				GCC_WARN_UNUSED_VARIABLE = YES;
				IPHONEOS_DEPLOYMENT_TARGET = 10.2;
				MTL_ENABLE_DEBUG_INFO = NO;
				SDKROOT = iphoneos;
				TARGETED_DEVICE_FAMILY = "1,2";
				VALIDATE_PRODUCT = YES;
			};
			name = Release;
		};
		4E288E681E306A2500C3DC38 /* Debug */ = {
			isa = XCBuildConfiguration;
			baseConfigurationReference = 853B5A7515500F7C7D4CC7CF /* Pods-LazyNetDemo.debug.xcconfig */;
			buildSettings = {
				ASSETCATALOG_COMPILER_APPICON_NAME = AppIcon;
				DEVELOPMENT_TEAM = 3VA89MX2F4;
				GCC_PREFIX_HEADER = "$(SRCROOT)/LazyNetDemo/LazyNetDemo.pch";
				INFOPLIST_FILE = LazyNetDemo/Info.plist;
				LD_RUNPATH_SEARCH_PATHS = "$(inherited) @executable_path/Frameworks";
				PRODUCT_BUNDLE_IDENTIFIER = com.robin.lazy.LazyNetDemo;
				PRODUCT_NAME = "$(TARGET_NAME)";
			};
			name = Debug;
		};
		4E288E691E306A2500C3DC38 /* Release */ = {
			isa = XCBuildConfiguration;
			baseConfigurationReference = 2F91B860C2ED7340AAD08E30 /* Pods-LazyNetDemo.release.xcconfig */;
			buildSettings = {
				ASSETCATALOG_COMPILER_APPICON_NAME = AppIcon;
				DEVELOPMENT_TEAM = 3VA89MX2F4;
				GCC_PREFIX_HEADER = "$(SRCROOT)/LazyNetDemo/LazyNetDemo.pch";
				INFOPLIST_FILE = LazyNetDemo/Info.plist;
				LD_RUNPATH_SEARCH_PATHS = "$(inherited) @executable_path/Frameworks";
				PRODUCT_BUNDLE_IDENTIFIER = com.robin.lazy.LazyNetDemo;
				PRODUCT_NAME = "$(TARGET_NAME)";
			};
			name = Release;
		};
		4E288E6B1E306A2500C3DC38 /* Debug */ = {
			isa = XCBuildConfiguration;
			buildSettings = {
				BUNDLE_LOADER = "$(TEST_HOST)";
				INFOPLIST_FILE = LazyNetDemoTests/Info.plist;
				LD_RUNPATH_SEARCH_PATHS = "$(inherited) @executable_path/Frameworks @loader_path/Frameworks";
				PRODUCT_BUNDLE_IDENTIFIER = com.robin.lazy.LazyNetDemoTests;
				PRODUCT_NAME = "$(TARGET_NAME)";
				TEST_HOST = "$(BUILT_PRODUCTS_DIR)/LazyNetDemo.app/LazyNetDemo";
			};
			name = Debug;
		};
		4E288E6C1E306A2500C3DC38 /* Release */ = {
			isa = XCBuildConfiguration;
			buildSettings = {
				BUNDLE_LOADER = "$(TEST_HOST)";
				INFOPLIST_FILE = LazyNetDemoTests/Info.plist;
				LD_RUNPATH_SEARCH_PATHS = "$(inherited) @executable_path/Frameworks @loader_path/Frameworks";
				PRODUCT_BUNDLE_IDENTIFIER = com.robin.lazy.LazyNetDemoTests;
				PRODUCT_NAME = "$(TARGET_NAME)";
				TEST_HOST = "$(BUILT_PRODUCTS_DIR)/LazyNetDemo.app/LazyNetDemo";
			};
			name = Release;
		};
		4E288E6E1E306A2500C3DC38 /* Debug */ = {
			isa = XCBuildConfiguration;
			buildSettings = {
				INFOPLIST_FILE = LazyNetDemoUITests/Info.plist;
				LD_RUNPATH_SEARCH_PATHS = "$(inherited) @executable_path/Frameworks @loader_path/Frameworks";
				PRODUCT_BUNDLE_IDENTIFIER = com.robin.lazy.LazyNetDemoUITests;
				PRODUCT_NAME = "$(TARGET_NAME)";
				TEST_TARGET_NAME = LazyNetDemo;
			};
			name = Debug;
		};
		4E288E6F1E306A2500C3DC38 /* Release */ = {
			isa = XCBuildConfiguration;
			buildSettings = {
				INFOPLIST_FILE = LazyNetDemoUITests/Info.plist;
				LD_RUNPATH_SEARCH_PATHS = "$(inherited) @executable_path/Frameworks @loader_path/Frameworks";
				PRODUCT_BUNDLE_IDENTIFIER = com.robin.lazy.LazyNetDemoUITests;
				PRODUCT_NAME = "$(TARGET_NAME)";
				TEST_TARGET_NAME = LazyNetDemo;
			};
			name = Release;
		};
		4E288E8D1E306A5400C3DC38 /* Debug */ = {
			isa = XCBuildConfiguration;
			baseConfigurationReference = 87E742032CCA094AA305EB89 /* Pods-LazyNetLibrary.debug.xcconfig */;
			buildSettings = {
				CODE_SIGN_IDENTITY = "";
				CURRENT_PROJECT_VERSION = 1;
				DEFINES_MODULE = YES;
				DYLIB_COMPATIBILITY_VERSION = 1;
				DYLIB_CURRENT_VERSION = 1;
				DYLIB_INSTALL_NAME_BASE = "@rpath";
				INFOPLIST_FILE = LazyNetLibrary/Info.plist;
				INSTALL_PATH = "$(LOCAL_LIBRARY_DIR)/Frameworks";
				LD_RUNPATH_SEARCH_PATHS = "$(inherited) @executable_path/Frameworks @loader_path/Frameworks";
				PRODUCT_BUNDLE_IDENTIFIER = com.robin.lazy.LazyNetLibrary;
				PRODUCT_NAME = "$(TARGET_NAME)";
				SKIP_INSTALL = YES;
				VERSIONING_SYSTEM = "apple-generic";
				VERSION_INFO_PREFIX = "";
			};
			name = Debug;
		};
		4E288E8E1E306A5400C3DC38 /* Release */ = {
			isa = XCBuildConfiguration;
			baseConfigurationReference = 63676CDB30B3618694392CB2 /* Pods-LazyNetLibrary.release.xcconfig */;
			buildSettings = {
				CODE_SIGN_IDENTITY = "";
				CURRENT_PROJECT_VERSION = 1;
				DEFINES_MODULE = YES;
				DYLIB_COMPATIBILITY_VERSION = 1;
				DYLIB_CURRENT_VERSION = 1;
				DYLIB_INSTALL_NAME_BASE = "@rpath";
				INFOPLIST_FILE = LazyNetLibrary/Info.plist;
				INSTALL_PATH = "$(LOCAL_LIBRARY_DIR)/Frameworks";
				LD_RUNPATH_SEARCH_PATHS = "$(inherited) @executable_path/Frameworks @loader_path/Frameworks";
				PRODUCT_BUNDLE_IDENTIFIER = com.robin.lazy.LazyNetLibrary;
				PRODUCT_NAME = "$(TARGET_NAME)";
				SKIP_INSTALL = YES;
				VERSIONING_SYSTEM = "apple-generic";
				VERSION_INFO_PREFIX = "";
			};
			name = Release;
		};
		4E288E911E306A5400C3DC38 /* Debug */ = {
			isa = XCBuildConfiguration;
			buildSettings = {
				INFOPLIST_FILE = LazyNetLibraryTests/Info.plist;
				LD_RUNPATH_SEARCH_PATHS = "$(inherited) @executable_path/Frameworks @loader_path/Frameworks";
				PRODUCT_BUNDLE_IDENTIFIER = com.robin.lazy.LazyNetLibraryTests;
				PRODUCT_NAME = "$(TARGET_NAME)";
				TEST_HOST = "$(BUILT_PRODUCTS_DIR)/LazyNetDemo.app/LazyNetDemo";
			};
			name = Debug;
		};
		4E288E921E306A5400C3DC38 /* Release */ = {
			isa = XCBuildConfiguration;
			buildSettings = {
				INFOPLIST_FILE = LazyNetLibraryTests/Info.plist;
				LD_RUNPATH_SEARCH_PATHS = "$(inherited) @executable_path/Frameworks @loader_path/Frameworks";
				PRODUCT_BUNDLE_IDENTIFIER = com.robin.lazy.LazyNetLibraryTests;
				PRODUCT_NAME = "$(TARGET_NAME)";
				TEST_HOST = "$(BUILT_PRODUCTS_DIR)/LazyNetDemo.app/LazyNetDemo";
			};
			name = Release;
		};
/* End XCBuildConfiguration section */

/* Begin XCConfigurationList section */
		4E288E1A1E3069DD00C3DC38 /* Build configuration list for PBXProject "LazyNetForIOS" */ = {
			isa = XCConfigurationList;
			buildConfigurations = (
				4E288E341E3069DD00C3DC38 /* Debug */,
				4E288E351E3069DD00C3DC38 /* Release */,
			);
			defaultConfigurationIsVisible = 0;
			defaultConfigurationName = Release;
		};
		4E288E671E306A2500C3DC38 /* Build configuration list for PBXNativeTarget "LazyNetDemo" */ = {
			isa = XCConfigurationList;
			buildConfigurations = (
				4E288E681E306A2500C3DC38 /* Debug */,
				4E288E691E306A2500C3DC38 /* Release */,
			);
			defaultConfigurationIsVisible = 0;
			defaultConfigurationName = Release;
		};
		4E288E6A1E306A2500C3DC38 /* Build configuration list for PBXNativeTarget "LazyNetDemoTests" */ = {
			isa = XCConfigurationList;
			buildConfigurations = (
				4E288E6B1E306A2500C3DC38 /* Debug */,
				4E288E6C1E306A2500C3DC38 /* Release */,
			);
			defaultConfigurationIsVisible = 0;
			defaultConfigurationName = Release;
		};
		4E288E6D1E306A2500C3DC38 /* Build configuration list for PBXNativeTarget "LazyNetDemoUITests" */ = {
			isa = XCConfigurationList;
			buildConfigurations = (
				4E288E6E1E306A2500C3DC38 /* Debug */,
				4E288E6F1E306A2500C3DC38 /* Release */,
			);
			defaultConfigurationIsVisible = 0;
			defaultConfigurationName = Release;
		};
		4E288E8C1E306A5400C3DC38 /* Build configuration list for PBXNativeTarget "LazyNetLibrary" */ = {
			isa = XCConfigurationList;
			buildConfigurations = (
				4E288E8D1E306A5400C3DC38 /* Debug */,
				4E288E8E1E306A5400C3DC38 /* Release */,
			);
			defaultConfigurationIsVisible = 0;
			defaultConfigurationName = Release;
		};
		4E288E901E306A5400C3DC38 /* Build configuration list for PBXNativeTarget "LazyNetLibraryTests" */ = {
			isa = XCConfigurationList;
			buildConfigurations = (
				4E288E911E306A5400C3DC38 /* Debug */,
				4E288E921E306A5400C3DC38 /* Release */,
			);
			defaultConfigurationIsVisible = 0;
			defaultConfigurationName = Release;
		};
/* End XCConfigurationList section */
	};
	rootObject = 4E288E171E3069DD00C3DC38 /* Project object */;
}
